
Microsoft Visual Studio Solution File, Format Version 12.00
# Visual Studio 15
VisualStudioVersion = 15.0.27703.1
MinimumVisualStudioVersion = 10.0.40219.1
Project("{FAE04EC0-301F-11D3-BF4B-00C04F79EFBC}") = "PowerControl", "PowerControl\PowerControl.csproj", "{9745AB03-3DC2-4B5C-A188-ED1727D4E72B}"
EndProject
Project("{8BC9CEB8-8B4A-11D0-8D11-00A0C91BC942}") = "DemoCLibrary", "DemoCLibrary\DemoCLibrary.vcxproj", "{CBB97DB4-A2A2-4F22-ADE6-5AE9BF47605C}"
EndProject
Global
	GlobalSection(SolutionConfigurationPlatforms) = preSolution
		Debug|Any CPU = Debug|Any CPU
		Debug|x64 = Debug|x64
		Debug|x86 = Debug|x86
		Release|Any CPU = Release|Any CPU
		Release|x64 = Release|x64
		Release|x86 = Release|x86
	EndGlobalSection
	GlobalSection(ProjectConfigurationPlatforms) = postSolution
		{9745AB03-3DC2-4B5C-A188-ED1727D4E72B}.Debug|Any CPU.ActiveCfg = Debug|Any CPU
		{9745AB03-3DC2-4B5C-A188-ED1727D4E72B}.Debug|Any CPU.Build.0 = Debug|Any CPU
		{9745AB03-3DC2-4B5C-A188-ED1727D4E72B}.Debug|x64.ActiveCfg = Debug|Any CPU
		{9745AB03-3DC2-4B5C-A188-ED1727D4E72B}.Debug|x64.Build.0 = Debug|Any CPU
		{9745AB03-3DC2-4B5C-A188-ED1727D4E72B}.Debug|x86.ActiveCfg = Debug|Any CPU
		{9745AB03-3DC2-4B5C-A188-ED1727D4E72B}.Debug|x86.Build.0 = Debug|Any CPU
		{9745AB03-3DC2-4B5C-A188-ED1727D4E72B}.Release|Any CPU.ActiveCfg = Release|Any CPU
		{9745AB03-3DC2-4B5C-A188-ED1727D4E72B}.Release|Any CPU.Build.0 = Release|Any CPU
		{9745AB03-3DC2-4B5C-A188-ED1727D4E72B}.Release|x64.ActiveCfg = Release|Any CPU
		{9745AB03-3DC2-4B5C-A188-ED1727D4E72B}.Release|x64.Build.0 = Release|Any CPU
		{9745AB03-3DC2-4B5C-A188-ED1727D4E72B}.Release|x86.ActiveCfg = Release|Any CPU
		{9745AB03-3DC2-4B5C-A188-ED1727D4E72B}.Release|x86.Build.0 = Release|Any CPU
		{CBB97DB4-A2A2-4F22-ADE6-5AE9BF47605C}.Debug|Any CPU.ActiveCfg = Debug|Win32
		{CBB97DB4-A2A2-4F22-ADE6-5AE9BF47605C}.Debug|x64.ActiveCfg = Debug|x64
		{CBB97DB4-A2A2-4F22-ADE6-5AE9BF47605C}.Debug|x64.Build.0 = Debug|x64
		{CBB97DB4-A2A2-4F22-ADE6-5AE9BF47605C}.Debug|x86.ActiveCfg = Debug|Win32
		{CBB97DB4-A2A2-4F22-ADE6-5AE9BF47605C}.Debug|x86.Build.0 = Debug|Win32
		{CBB97DB4-A2A2-4F22-ADE6-5AE9BF47605C}.Release|Any CPU.ActiveCfg = Release|Win32
		{CBB97DB4-A2A2-4F22-ADE6-5AE9BF47605C}.Release|x64.ActiveCfg = Release|x64
		{CBB97DB4-A2A2-4F22-ADE6-5AE9BF47605C}.Release|x64.Build.0 = Release|x64
		{CBB97DB4-A2A2-4F22-ADE6-5AE9BF47605C}.Release|x86.ActiveCfg = Release|Win32
		{CBB97DB4-A2A2-4F22-ADE6-5AE9BF47605C}.Release|x86.Build.0 = Release|Win32
	EndGlobalSection
	GlobalSection(SolutionProperties) = preSolution
		HideSolutionNode = FALSE
	EndGlobalSection
	GlobalSection(ExtensibilityGlobals) = postSolution
		SolutionGuid = {71024CAA-1A6D-4924-8226-E2DEF74758BC}
	EndGlobalSection
EndGlobal
